// !$*UTF8*$!
{
	archiveVersion = 1;
	classes = {
	};
	objectVersion = 56;
	objects = {

/* Begin PBXBuildFile section */
		B806ADFA2C29505A00D8D540 /* TVDetailViewController.swift in Sources */ = {isa = PBXBuildFile; fileRef = B806ADF92C29505A00D8D540 /* TVDetailViewController.swift */; };
		B806ADFC2C29508B00D8D540 /* APIManager.swift in Sources */ = {isa = PBXBuildFile; fileRef = B806ADFB2C29508B00D8D540 /* APIManager.swift */; };
		B806AE002C296BA800D8D540 /* PosterCollectionViewCell.swift in Sources */ = {isa = PBXBuildFile; fileRef = B806ADFF2C296BA800D8D540 /* PosterCollectionViewCell.swift */; };
		B806AE022C29705100D8D540 /* PosterTableViewCell.swift in Sources */ = {isa = PBXBuildFile; fileRef = B806AE012C29705100D8D540 /* PosterTableViewCell.swift */; };
		B806AE042C299DE400D8D540 /* MainTabViewController.swift in Sources */ = {isa = PBXBuildFile; fileRef = B806AE032C299DE400D8D540 /* MainTabViewController.swift */; };
		B80E94282C104629000D6645 /* BaseVC.swift in Sources */ = {isa = PBXBuildFile; fileRef = B80E94272C104629000D6645 /* BaseVC.swift */; };
		B80E942A2C104653000D6645 /* MiniPosterUIView.swift in Sources */ = {isa = PBXBuildFile; fileRef = B80E94292C104653000D6645 /* MiniPosterUIView.swift */; };
		B80E942C2C10468A000D6645 /* SignUpTextField.swift in Sources */ = {isa = PBXBuildFile; fileRef = B80E942B2C10468A000D6645 /* SignUpTextField.swift */; };
		B82297E72C2E92B5001ABC95 /* MovieInfoView.swift in Sources */ = {isa = PBXBuildFile; fileRef = B82297E62C2E92B5001ABC95 /* MovieInfoView.swift */; };
		B82297EC2C2EA714001ABC95 /* String+Extension.swift in Sources */ = {isa = PBXBuildFile; fileRef = B82297EB2C2EA714001ABC95 /* String+Extension.swift */; };
		B82297EE2C2EA821001ABC95 /* Date+Extension.swift in Sources */ = {isa = PBXBuildFile; fileRef = B82297ED2C2EA821001ABC95 /* Date+Extension.swift */; };
		B82297F02C2EAECE001ABC95 /* Video.swift in Sources */ = {isa = PBXBuildFile; fileRef = B82297EF2C2EAECD001ABC95 /* Video.swift */; };
		B83069DB2C1837A400816BBE /* MediaSearchViewController.swift in Sources */ = {isa = PBXBuildFile; fileRef = B83069DA2C1837A400816BBE /* MediaSearchViewController.swift */; };
		B83069DD2C183B8400816BBE /* TVModel.swift in Sources */ = {isa = PBXBuildFile; fileRef = B83069DC2C183B8400816BBE /* TVModel.swift */; };
		B83069E02C183DDD00816BBE /* Cosmos in Frameworks */ = {isa = PBXBuildFile; productRef = B83069DF2C183DDD00816BBE /* Cosmos */; };
		B83069E22C18418100816BBE /* SearchCollectionViewCell.swift in Sources */ = {isa = PBXBuildFile; fileRef = B83069E12C18418100816BBE /* SearchCollectionViewCell.swift */; };
		B857C41E2C31BB1C007A6112 /* MovieDetailViewPosterCollectionViewCell.swift in Sources */ = {isa = PBXBuildFile; fileRef = B857C41D2C31BB1C007A6112 /* MovieDetailViewPosterCollectionViewCell.swift */; };
		B857C4242C328769007A6112 /* NasaViewController.swift in Sources */ = {isa = PBXBuildFile; fileRef = B857C4232C328769007A6112 /* NasaViewController.swift */; };
		B8CFE9632C2FD7AF003BA11B /* CastCollectionViewCell.swift in Sources */ = {isa = PBXBuildFile; fileRef = B8CFE9622C2FD7AF003BA11B /* CastCollectionViewCell.swift */; };
		B8CFE9652C2FD7D5003BA11B /* Identifier.swift in Sources */ = {isa = PBXBuildFile; fileRef = B8CFE9642C2FD7D5003BA11B /* Identifier.swift */; };
		B8CFE9672C3151F5003BA11B /* CastTableViewCell.swift in Sources */ = {isa = PBXBuildFile; fileRef = B8CFE9662C3151F5003BA11B /* CastTableViewCell.swift */; };
		B8ECD7202C0EF60200FED45E /* AppDelegate.swift in Sources */ = {isa = PBXBuildFile; fileRef = B8ECD71F2C0EF60200FED45E /* AppDelegate.swift */; };
		B8ECD7222C0EF60200FED45E /* SceneDelegate.swift in Sources */ = {isa = PBXBuildFile; fileRef = B8ECD7212C0EF60200FED45E /* SceneDelegate.swift */; };
		B8ECD7292C0EF60400FED45E /* Assets.xcassets in Resources */ = {isa = PBXBuildFile; fileRef = B8ECD7282C0EF60400FED45E /* Assets.xcassets */; };
		B8ECD72C2C0EF60400FED45E /* Base in Resources */ = {isa = PBXBuildFile; fileRef = B8ECD72B2C0EF60400FED45E /* Base */; };
		B8ECD7342C0EFA6A00FED45E /* MediaMainViewController.swift in Sources */ = {isa = PBXBuildFile; fileRef = B8ECD7332C0EFA6A00FED45E /* MediaMainViewController.swift */; };
		B8ECD7412C0F163000FED45E /* SignUpViewController.swift in Sources */ = {isa = PBXBuildFile; fileRef = B8ECD7402C0F163000FED45E /* SignUpViewController.swift */; };
		B8ECD7442C0F1B1D00FED45E /* Localized.swift in Sources */ = {isa = PBXBuildFile; fileRef = B8ECD7432C0F1B1D00FED45E /* Localized.swift */; };
		B8F852D12C16CCC8000B2A51 /* Alamofire in Frameworks */ = {isa = PBXBuildFile; productRef = B8F852D02C16CCC8000B2A51 /* Alamofire */; };
		B8F852D42C16CCCF000B2A51 /* SnapKit in Frameworks */ = {isa = PBXBuildFile; productRef = B8F852D32C16CCCF000B2A51 /* SnapKit */; };
		B8F852D62C16CEF0000B2A51 /* TrendMovieInfoViewController.swift in Sources */ = {isa = PBXBuildFile; fileRef = B8F852D52C16CEF0000B2A51 /* TrendMovieInfoViewController.swift */; };
		B8F852D82C16D37E000B2A51 /* MediaInfoTableViewCell.swift in Sources */ = {isa = PBXBuildFile; fileRef = B8F852D72C16D37E000B2A51 /* MediaInfoTableViewCell.swift */; };
		B8F852DC2C16E49F000B2A51 /* .gitignore in Resources */ = {isa = PBXBuildFile; fileRef = B8F852DB2C16E49F000B2A51 /* .gitignore */; };
		B8F852DE2C16E4B7000B2A51 /* APIKey.swift in Sources */ = {isa = PBXBuildFile; fileRef = B8F852DD2C16E4B7000B2A51 /* APIKey.swift */; };
		B8F852E02C16E8AC000B2A51 /* Movie.swift in Sources */ = {isa = PBXBuildFile; fileRef = B8F852DF2C16E8AC000B2A51 /* Movie.swift */; };
		B8F852E32C17147B000B2A51 /* Kingfisher in Frameworks */ = {isa = PBXBuildFile; productRef = B8F852E22C17147B000B2A51 /* Kingfisher */; };
		B8F852E62C172697000B2A51 /* MovieDetailViewController.swift in Sources */ = {isa = PBXBuildFile; fileRef = B8F852E52C172697000B2A51 /* MovieDetailViewController.swift */; };
		B8F852EB2C174CCB000B2A51 /* ExpandTextViewCell.swift in Sources */ = {isa = PBXBuildFile; fileRef = B8F852EA2C174CCB000B2A51 /* ExpandTextViewCell.swift */; };
		B8F852ED2C175042000B2A51 /* MovieGenreManager.swift in Sources */ = {isa = PBXBuildFile; fileRef = B8F852EC2C175042000B2A51 /* MovieGenreManager.swift */; };
/* End PBXBuildFile section */

/* Begin PBXFileReference section */
		B806ADF92C29505A00D8D540 /* TVDetailViewController.swift */ = {isa = PBXFileReference; lastKnownFileType = sourcecode.swift; path = TVDetailViewController.swift; sourceTree = "<group>"; };
		B806ADFB2C29508B00D8D540 /* APIManager.swift */ = {isa = PBXFileReference; lastKnownFileType = sourcecode.swift; path = APIManager.swift; sourceTree = "<group>"; };
		B806ADFF2C296BA800D8D540 /* PosterCollectionViewCell.swift */ = {isa = PBXFileReference; lastKnownFileType = sourcecode.swift; path = PosterCollectionViewCell.swift; sourceTree = "<group>"; };
		B806AE012C29705100D8D540 /* PosterTableViewCell.swift */ = {isa = PBXFileReference; lastKnownFileType = sourcecode.swift; path = PosterTableViewCell.swift; sourceTree = "<group>"; };
		B806AE032C299DE400D8D540 /* MainTabViewController.swift */ = {isa = PBXFileReference; lastKnownFileType = sourcecode.swift; path = MainTabViewController.swift; sourceTree = "<group>"; };
		B80E94272C104629000D6645 /* BaseVC.swift */ = {isa = PBXFileReference; lastKnownFileType = sourcecode.swift; path = BaseVC.swift; sourceTree = "<group>"; };
		B80E94292C104653000D6645 /* MiniPosterUIView.swift */ = {isa = PBXFileReference; lastKnownFileType = sourcecode.swift; path = MiniPosterUIView.swift; sourceTree = "<group>"; };
		B80E942B2C10468A000D6645 /* SignUpTextField.swift */ = {isa = PBXFileReference; lastKnownFileType = sourcecode.swift; path = SignUpTextField.swift; sourceTree = "<group>"; };
		B82297E62C2E92B5001ABC95 /* MovieInfoView.swift */ = {isa = PBXFileReference; lastKnownFileType = sourcecode.swift; path = MovieInfoView.swift; sourceTree = "<group>"; };
		B82297EB2C2EA714001ABC95 /* String+Extension.swift */ = {isa = PBXFileReference; lastKnownFileType = sourcecode.swift; path = "String+Extension.swift"; sourceTree = "<group>"; };
		B82297ED2C2EA821001ABC95 /* Date+Extension.swift */ = {isa = PBXFileReference; lastKnownFileType = sourcecode.swift; path = "Date+Extension.swift"; sourceTree = "<group>"; };
		B82297EF2C2EAECD001ABC95 /* Video.swift */ = {isa = PBXFileReference; lastKnownFileType = sourcecode.swift; path = Video.swift; sourceTree = "<group>"; };
		B83069DA2C1837A400816BBE /* MediaSearchViewController.swift */ = {isa = PBXFileReference; lastKnownFileType = sourcecode.swift; path = MediaSearchViewController.swift; sourceTree = "<group>"; };
		B83069DC2C183B8400816BBE /* TVModel.swift */ = {isa = PBXFileReference; lastKnownFileType = sourcecode.swift; path = TVModel.swift; sourceTree = "<group>"; };
		B83069E12C18418100816BBE /* SearchCollectionViewCell.swift */ = {isa = PBXFileReference; lastKnownFileType = sourcecode.swift; path = SearchCollectionViewCell.swift; sourceTree = "<group>"; };
		B857C41D2C31BB1C007A6112 /* MovieDetailViewPosterCollectionViewCell.swift */ = {isa = PBXFileReference; lastKnownFileType = sourcecode.swift; path = MovieDetailViewPosterCollectionViewCell.swift; sourceTree = "<group>"; };
		B857C4232C328769007A6112 /* NasaViewController.swift */ = {isa = PBXFileReference; lastKnownFileType = sourcecode.swift; path = NasaViewController.swift; sourceTree = "<group>"; };
		B8CFE9622C2FD7AF003BA11B /* CastCollectionViewCell.swift */ = {isa = PBXFileReference; lastKnownFileType = sourcecode.swift; path = CastCollectionViewCell.swift; sourceTree = "<group>"; };
		B8CFE9642C2FD7D5003BA11B /* Identifier.swift */ = {isa = PBXFileReference; lastKnownFileType = sourcecode.swift; path = Identifier.swift; sourceTree = "<group>"; };
		B8CFE9662C3151F5003BA11B /* CastTableViewCell.swift */ = {isa = PBXFileReference; fileEncoding = 4; lastKnownFileType = sourcecode.swift; path = CastTableViewCell.swift; sourceTree = "<group>"; };
		B8ECD71C2C0EF60200FED45E /* MediaApp.app */ = {isa = PBXFileReference; explicitFileType = wrapper.application; includeInIndex = 0; path = MediaApp.app; sourceTree = BUILT_PRODUCTS_DIR; };
		B8ECD71F2C0EF60200FED45E /* AppDelegate.swift */ = {isa = PBXFileReference; lastKnownFileType = sourcecode.swift; path = AppDelegate.swift; sourceTree = "<group>"; };
		B8ECD7212C0EF60200FED45E /* SceneDelegate.swift */ = {isa = PBXFileReference; lastKnownFileType = sourcecode.swift; path = SceneDelegate.swift; sourceTree = "<group>"; };
		B8ECD7282C0EF60400FED45E /* Assets.xcassets */ = {isa = PBXFileReference; lastKnownFileType = folder.assetcatalog; path = Assets.xcassets; sourceTree = "<group>"; };
		B8ECD72B2C0EF60400FED45E /* Base */ = {isa = PBXFileReference; lastKnownFileType = file.storyboard; name = Base; path = Base.lproj/LaunchScreen.storyboard; sourceTree = "<group>"; };
		B8ECD72D2C0EF60400FED45E /* Info.plist */ = {isa = PBXFileReference; lastKnownFileType = text.plist.xml; path = Info.plist; sourceTree = "<group>"; };
		B8ECD7332C0EFA6A00FED45E /* MediaMainViewController.swift */ = {isa = PBXFileReference; lastKnownFileType = sourcecode.swift; path = MediaMainViewController.swift; sourceTree = "<group>"; };
		B8ECD7402C0F163000FED45E /* SignUpViewController.swift */ = {isa = PBXFileReference; lastKnownFileType = sourcecode.swift; path = SignUpViewController.swift; sourceTree = "<group>"; };
		B8ECD7432C0F1B1D00FED45E /* Localized.swift */ = {isa = PBXFileReference; lastKnownFileType = sourcecode.swift; path = Localized.swift; sourceTree = "<group>"; };
		B8F852D52C16CEF0000B2A51 /* TrendMovieInfoViewController.swift */ = {isa = PBXFileReference; lastKnownFileType = sourcecode.swift; path = TrendMovieInfoViewController.swift; sourceTree = "<group>"; };
		B8F852D72C16D37E000B2A51 /* MediaInfoTableViewCell.swift */ = {isa = PBXFileReference; lastKnownFileType = sourcecode.swift; path = MediaInfoTableViewCell.swift; sourceTree = "<group>"; };
		B8F852DB2C16E49F000B2A51 /* .gitignore */ = {isa = PBXFileReference; lastKnownFileType = text; path = .gitignore; sourceTree = "<group>"; };
		B8F852DD2C16E4B7000B2A51 /* APIKey.swift */ = {isa = PBXFileReference; lastKnownFileType = sourcecode.swift; path = APIKey.swift; sourceTree = "<group>"; };
		B8F852DF2C16E8AC000B2A51 /* Movie.swift */ = {isa = PBXFileReference; lastKnownFileType = sourcecode.swift; path = Movie.swift; sourceTree = "<group>"; };
		B8F852E52C172697000B2A51 /* MovieDetailViewController.swift */ = {isa = PBXFileReference; lastKnownFileType = sourcecode.swift; path = MovieDetailViewController.swift; sourceTree = "<group>"; };
		B8F852EA2C174CCB000B2A51 /* ExpandTextViewCell.swift */ = {isa = PBXFileReference; lastKnownFileType = sourcecode.swift; path = ExpandTextViewCell.swift; sourceTree = "<group>"; };
		B8F852EC2C175042000B2A51 /* MovieGenreManager.swift */ = {isa = PBXFileReference; lastKnownFileType = sourcecode.swift; path = MovieGenreManager.swift; sourceTree = "<group>"; };
/* End PBXFileReference section */

/* Begin PBXFrameworksBuildPhase section */
		B8ECD7192C0EF60200FED45E /* Frameworks */ = {
			isa = PBXFrameworksBuildPhase;
			buildActionMask = 2147483647;
			files = (
				B8F852E32C17147B000B2A51 /* Kingfisher in Frameworks */,
				B8F852D12C16CCC8000B2A51 /* Alamofire in Frameworks */,
				B83069E02C183DDD00816BBE /* Cosmos in Frameworks */,
				B8F852D42C16CCCF000B2A51 /* SnapKit in Frameworks */,
			);
			runOnlyForDeploymentPostprocessing = 0;
		};
/* End PBXFrameworksBuildPhase section */

/* Begin PBXGroup section */
		B80E94262C1045CB000D6645 /* Custom */ = {
			isa = PBXGroup;
			children = (
				B80E94272C104629000D6645 /* BaseVC.swift */,
				B80E94292C104653000D6645 /* MiniPosterUIView.swift */,
				B80E942B2C10468A000D6645 /* SignUpTextField.swift */,
				B82297E62C2E92B5001ABC95 /* MovieInfoView.swift */,
			);
			path = Custom;
			sourceTree = "<group>";
		};
		B82297EA2C2EA6BE001ABC95 /* Extension */ = {
			isa = PBXGroup;
			children = (
				B82297EB2C2EA714001ABC95 /* String+Extension.swift */,
				B82297ED2C2EA821001ABC95 /* Date+Extension.swift */,
			);
			path = Extension;
			sourceTree = "<group>";
		};
		B83069D92C18376800816BBE /* SearchMedia */ = {
			isa = PBXGroup;
			children = (
				B8759EFA2C2AB39300D8B30B /* Poster */,
				B83069DA2C1837A400816BBE /* MediaSearchViewController.swift */,
				B83069E12C18418100816BBE /* SearchCollectionViewCell.swift */,
			);
			path = SearchMedia;
			sourceTree = "<group>";
		};
		B857C4222C328755007A6112 /* Nasa */ = {
			isa = PBXGroup;
			children = (
				B857C4232C328769007A6112 /* NasaViewController.swift */,
			);
			path = Nasa;
			sourceTree = "<group>";
		};
		B8759EFA2C2AB39300D8B30B /* Poster */ = {
			isa = PBXGroup;
			children = (
				B806ADF92C29505A00D8D540 /* TVDetailViewController.swift */,
				B806ADFF2C296BA800D8D540 /* PosterCollectionViewCell.swift */,
				B806AE012C29705100D8D540 /* PosterTableViewCell.swift */,
			);
			path = Poster;
			sourceTree = "<group>";
		};
		B8CFE9612C2FD78E003BA11B /* SignUp */ = {
			isa = PBXGroup;
			children = (
				B8ECD7402C0F163000FED45E /* SignUpViewController.swift */,
			);
			path = SignUp;
			sourceTree = "<group>";
		};
		B8ECD7132C0EF60200FED45E = {
			isa = PBXGroup;
			children = (
				B8F852DB2C16E49F000B2A51 /* .gitignore */,
				B8ECD71E2C0EF60200FED45E /* MediaApp */,
				B8ECD71D2C0EF60200FED45E /* Products */,
			);
			sourceTree = "<group>";
		};
		B8ECD71D2C0EF60200FED45E /* Products */ = {
			isa = PBXGroup;
			children = (
				B8ECD71C2C0EF60200FED45E /* MediaApp.app */,
			);
			name = Products;
			sourceTree = "<group>";
		};
		B8ECD71E2C0EF60200FED45E /* MediaApp */ = {
			isa = PBXGroup;
			children = (
				B82297EA2C2EA6BE001ABC95 /* Extension */,
				B8F852DA2C16E486000B2A51 /* Service */,
				B8F852D92C16E480000B2A51 /* Model */,
				B80E94262C1045CB000D6645 /* Custom */,
				B8ECD7422C0F1B1300FED45E /* Utils */,
				B8ECD7362C0EFA7F00FED45E /* App */,
				B8ECD7282C0EF60400FED45E /* Assets.xcassets */,
				B8ECD72A2C0EF60400FED45E /* LaunchScreen.storyboard */,
				B8ECD72D2C0EF60400FED45E /* Info.plist */,
				B8ECD7352C0EFA6E00FED45E /* Media */,
			);
			path = MediaApp;
			sourceTree = "<group>";
		};
		B8ECD7352C0EFA6E00FED45E /* Media */ = {
			isa = PBXGroup;
			children = (
				B857C4222C328755007A6112 /* Nasa */,
				B8CFE9612C2FD78E003BA11B /* SignUp */,
				B83069D92C18376800816BBE /* SearchMedia */,
				B8F852E42C172665000B2A51 /* TrendMovie */,
				B8ECD7332C0EFA6A00FED45E /* MediaMainViewController.swift */,
			);
			path = Media;
			sourceTree = "<group>";
		};
		B8ECD7362C0EFA7F00FED45E /* App */ = {
			isa = PBXGroup;
			children = (
				B8ECD71F2C0EF60200FED45E /* AppDelegate.swift */,
				B8ECD7212C0EF60200FED45E /* SceneDelegate.swift */,
				B806AE032C299DE400D8D540 /* MainTabViewController.swift */,
			);
			path = App;
			sourceTree = "<group>";
		};
		B8ECD7422C0F1B1300FED45E /* Utils */ = {
			isa = PBXGroup;
			children = (
				B8ECD7432C0F1B1D00FED45E /* Localized.swift */,
				B8CFE9642C2FD7D5003BA11B /* Identifier.swift */,
			);
			path = Utils;
			sourceTree = "<group>";
		};
		B8F852D92C16E480000B2A51 /* Model */ = {
			isa = PBXGroup;
			children = (
				B8F852DF2C16E8AC000B2A51 /* Movie.swift */,
				B83069DC2C183B8400816BBE /* TVModel.swift */,
				B82297EF2C2EAECD001ABC95 /* Video.swift */,
			);
			path = Model;
			sourceTree = "<group>";
		};
		B8F852DA2C16E486000B2A51 /* Service */ = {
			isa = PBXGroup;
			children = (
				B8F852DD2C16E4B7000B2A51 /* APIKey.swift */,
				B8F852EC2C175042000B2A51 /* MovieGenreManager.swift */,
				B806ADFB2C29508B00D8D540 /* APIManager.swift */,
			);
			path = Service;
			sourceTree = "<group>";
		};
		B8F852E42C172665000B2A51 /* TrendMovie */ = {
			isa = PBXGroup;
			children = (
				B8F852E72C172CE8000B2A51 /* Cell */,
				B8F852D52C16CEF0000B2A51 /* TrendMovieInfoViewController.swift */,
				B8F852E52C172697000B2A51 /* MovieDetailViewController.swift */,
			);
			path = TrendMovie;
			sourceTree = "<group>";
		};
		B8F852E72C172CE8000B2A51 /* Cell */ = {
			isa = PBXGroup;
			children = (
				B8CFE9662C3151F5003BA11B /* CastTableViewCell.swift */,
				B8F852D72C16D37E000B2A51 /* MediaInfoTableViewCell.swift */,
				B8F852EA2C174CCB000B2A51 /* ExpandTextViewCell.swift */,
				B8CFE9622C2FD7AF003BA11B /* CastCollectionViewCell.swift */,
				B857C41D2C31BB1C007A6112 /* MovieDetailViewPosterCollectionViewCell.swift */,
			);
			path = Cell;
			sourceTree = "<group>";
		};
/* End PBXGroup section */

/* Begin PBXNativeTarget section */
		B8ECD71B2C0EF60200FED45E /* MediaApp */ = {
			isa = PBXNativeTarget;
			buildConfigurationList = B8ECD7302C0EF60400FED45E /* Build configuration list for PBXNativeTarget "MediaApp" */;
			buildPhases = (
				B8ECD7182C0EF60200FED45E /* Sources */,
				B8ECD7192C0EF60200FED45E /* Frameworks */,
				B8ECD71A2C0EF60200FED45E /* Resources */,
			);
			buildRules = (
			);
			dependencies = (
			);
			name = MediaApp;
			packageProductDependencies = (
				B8F852D02C16CCC8000B2A51 /* Alamofire */,
				B8F852D32C16CCCF000B2A51 /* SnapKit */,
				B8F852E22C17147B000B2A51 /* Kingfisher */,
				B83069DF2C183DDD00816BBE /* Cosmos */,
			);
			productName = MediaApp;
			productReference = B8ECD71C2C0EF60200FED45E /* MediaApp.app */;
			productType = "com.apple.product-type.application";
		};
/* End PBXNativeTarget section */

/* Begin PBXProject section */
		B8ECD7142C0EF60200FED45E /* Project object */ = {
			isa = PBXProject;
			attributes = {
				BuildIndependentTargetsInParallel = 1;
				LastSwiftUpdateCheck = 1530;
				LastUpgradeCheck = 1530;
				TargetAttributes = {
					B8ECD71B2C0EF60200FED45E = {
						CreatedOnToolsVersion = 15.3;
					};
				};
			};
			buildConfigurationList = B8ECD7172C0EF60200FED45E /* Build configuration list for PBXProject "MediaApp" */;
			compatibilityVersion = "Xcode 14.0";
			developmentRegion = en;
			hasScannedForEncodings = 0;
			knownRegions = (
				en,
				Base,
			);
			mainGroup = B8ECD7132C0EF60200FED45E;
			packageReferences = (
				B8F852CF2C16CCC8000B2A51 /* XCRemoteSwiftPackageReference "Alamofire" */,
				B8F852D22C16CCCF000B2A51 /* XCRemoteSwiftPackageReference "SnapKit" */,
				B8F852E12C17147B000B2A51 /* XCRemoteSwiftPackageReference "Kingfisher" */,
				B83069DE2C183DDD00816BBE /* XCRemoteSwiftPackageReference "Cosmos" */,
			);
			productRefGroup = B8ECD71D2C0EF60200FED45E /* Products */;
			projectDirPath = "";
			projectRoot = "";
			targets = (
				B8ECD71B2C0EF60200FED45E /* MediaApp */,
			);
		};
/* End PBXProject section */

/* Begin PBXResourcesBuildPhase section */
		B8ECD71A2C0EF60200FED45E /* Resources */ = {
			isa = PBXResourcesBuildPhase;
			buildActionMask = 2147483647;
			files = (
				B8F852DC2C16E49F000B2A51 /* .gitignore in Resources */,
				B8ECD7292C0EF60400FED45E /* Assets.xcassets in Resources */,
				B8ECD72C2C0EF60400FED45E /* Base in Resources */,
			);
			runOnlyForDeploymentPostprocessing = 0;
		};
/* End PBXResourcesBuildPhase section */

/* Begin PBXSourcesBuildPhase section */
		B8ECD7182C0EF60200FED45E /* Sources */ = {
			isa = PBXSourcesBuildPhase;
			buildActionMask = 2147483647;
			files = (
				B8ECD7442C0F1B1D00FED45E /* Localized.swift in Sources */,
				B8ECD7342C0EFA6A00FED45E /* MediaMainViewController.swift in Sources */,
				B8F852E02C16E8AC000B2A51 /* Movie.swift in Sources */,
				B8F852D62C16CEF0000B2A51 /* TrendMovieInfoViewController.swift in Sources */,
				B82297F02C2EAECE001ABC95 /* Video.swift in Sources */,
				B82297E72C2E92B5001ABC95 /* MovieInfoView.swift in Sources */,
				B82297EC2C2EA714001ABC95 /* String+Extension.swift in Sources */,
				B8F852EB2C174CCB000B2A51 /* ExpandTextViewCell.swift in Sources */,
				B82297EE2C2EA821001ABC95 /* Date+Extension.swift in Sources */,
				B806ADFC2C29508B00D8D540 /* APIManager.swift in Sources */,
				B8F852E62C172697000B2A51 /* MovieDetailViewController.swift in Sources */,
				B83069DD2C183B8400816BBE /* TVModel.swift in Sources */,
				B83069DB2C1837A400816BBE /* MediaSearchViewController.swift in Sources */,
				B8CFE9632C2FD7AF003BA11B /* CastCollectionViewCell.swift in Sources */,
				B8ECD7202C0EF60200FED45E /* AppDelegate.swift in Sources */,
				B8CFE9652C2FD7D5003BA11B /* Identifier.swift in Sources */,
				B806AE002C296BA800D8D540 /* PosterCollectionViewCell.swift in Sources */,
				B8F852D82C16D37E000B2A51 /* MediaInfoTableViewCell.swift in Sources */,
				B8F852ED2C175042000B2A51 /* MovieGenreManager.swift in Sources */,
				B80E942A2C104653000D6645 /* MiniPosterUIView.swift in Sources */,
				B8F852DE2C16E4B7000B2A51 /* APIKey.swift in Sources */,
				B857C4242C328769007A6112 /* NasaViewController.swift in Sources */,
				B806AE022C29705100D8D540 /* PosterTableViewCell.swift in Sources */,
				B806AE042C299DE400D8D540 /* MainTabViewController.swift in Sources */,
				B80E94282C104629000D6645 /* BaseVC.swift in Sources */,
				B857C41E2C31BB1C007A6112 /* MovieDetailViewPosterCollectionViewCell.swift in Sources */,
				B8ECD7222C0EF60200FED45E /* SceneDelegate.swift in Sources */,
				B8ECD7412C0F163000FED45E /* SignUpViewController.swift in Sources */,
				B8CFE9672C3151F5003BA11B /* CastTableViewCell.swift in Sources */,
				B83069E22C18418100816BBE /* SearchCollectionViewCell.swift in Sources */,
				B80E942C2C10468A000D6645 /* SignUpTextField.swift in Sources */,
				B806ADFA2C29505A00D8D540 /* TVDetailViewController.swift in Sources */,
			);
			runOnlyForDeploymentPostprocessing = 0;
		};
/* End PBXSourcesBuildPhase section */

/* Begin PBXVariantGroup section */
		B8ECD72A2C0EF60400FED45E /* LaunchScreen.storyboard */ = {
			isa = PBXVariantGroup;
			children = (
				B8ECD72B2C0EF60400FED45E /* Base */,
			);
			name = LaunchScreen.storyboard;
			sourceTree = "<group>";
		};
/* End PBXVariantGroup section */

/* Begin XCBuildConfiguration section */
		B8ECD72E2C0EF60400FED45E /* Debug */ = {
			isa = XCBuildConfiguration;
			buildSettings = {
				ALWAYS_SEARCH_USER_PATHS = NO;
				ASSETCATALOG_COMPILER_GENERATE_SWIFT_ASSET_SYMBOL_EXTENSIONS = YES;
				CLANG_ANALYZER_NONNULL = YES;
				CLANG_ANALYZER_NUMBER_OBJECT_CONVERSION = YES_AGGRESSIVE;
				CLANG_CXX_LANGUAGE_STANDARD = "gnu++20";
				CLANG_ENABLE_MODULES = YES;
				CLANG_ENABLE_OBJC_ARC = YES;
				CLANG_ENABLE_OBJC_WEAK = YES;
				CLANG_WARN_BLOCK_CAPTURE_AUTORELEASING = YES;
				CLANG_WARN_BOOL_CONVERSION = YES;
				CLANG_WARN_COMMA = YES;
				CLANG_WARN_CONSTANT_CONVERSION = YES;
				CLANG_WARN_DEPRECATED_OBJC_IMPLEMENTATIONS = YES;
				CLANG_WARN_DIRECT_OBJC_ISA_USAGE = YES_ERROR;
				CLANG_WARN_DOCUMENTATION_COMMENTS = YES;
				CLANG_WARN_EMPTY_BODY = YES;
				CLANG_WARN_ENUM_CONVERSION = YES;
				CLANG_WARN_INFINITE_RECURSION = YES;
				CLANG_WARN_INT_CONVERSION = YES;
				CLANG_WARN_NON_LITERAL_NULL_CONVERSION = YES;
				CLANG_WARN_OBJC_IMPLICIT_RETAIN_SELF = YES;
				CLANG_WARN_OBJC_LITERAL_CONVERSION = YES;
				CLANG_WARN_OBJC_ROOT_CLASS = YES_ERROR;
				CLANG_WARN_QUOTED_INCLUDE_IN_FRAMEWORK_HEADER = YES;
				CLANG_WARN_RANGE_LOOP_ANALYSIS = YES;
				CLANG_WARN_STRICT_PROTOTYPES = YES;
				CLANG_WARN_SUSPICIOUS_MOVE = YES;
				CLANG_WARN_UNGUARDED_AVAILABILITY = YES_AGGRESSIVE;
				CLANG_WARN_UNREACHABLE_CODE = YES;
				CLANG_WARN__DUPLICATE_METHOD_MATCH = YES;
				COPY_PHASE_STRIP = NO;
				DEBUG_INFORMATION_FORMAT = dwarf;
				ENABLE_STRICT_OBJC_MSGSEND = YES;
				ENABLE_TESTABILITY = YES;
				ENABLE_USER_SCRIPT_SANDBOXING = YES;
				GCC_C_LANGUAGE_STANDARD = gnu17;
				GCC_DYNAMIC_NO_PIC = NO;
				GCC_NO_COMMON_BLOCKS = YES;
				GCC_OPTIMIZATION_LEVEL = 0;
				GCC_PREPROCESSOR_DEFINITIONS = (
					"DEBUG=1",
					"$(inherited)",
				);
				GCC_WARN_64_TO_32_BIT_CONVERSION = YES;
				GCC_WARN_ABOUT_RETURN_TYPE = YES_ERROR;
				GCC_WARN_UNDECLARED_SELECTOR = YES;
				GCC_WARN_UNINITIALIZED_AUTOS = YES_AGGRESSIVE;
				GCC_WARN_UNUSED_FUNCTION = YES;
				GCC_WARN_UNUSED_VARIABLE = YES;
				IPHONEOS_DEPLOYMENT_TARGET = 17.4;
				LOCALIZATION_PREFERS_STRING_CATALOGS = YES;
				MTL_ENABLE_DEBUG_INFO = INCLUDE_SOURCE;
				MTL_FAST_MATH = YES;
				ONLY_ACTIVE_ARCH = YES;
				SDKROOT = iphoneos;
				SWIFT_ACTIVE_COMPILATION_CONDITIONS = "DEBUG $(inherited)";
				SWIFT_OPTIMIZATION_LEVEL = "-Onone";
			};
			name = Debug;
		};
		B8ECD72F2C0EF60400FED45E /* Release */ = {
			isa = XCBuildConfiguration;
			buildSettings = {
				ALWAYS_SEARCH_USER_PATHS = NO;
				ASSETCATALOG_COMPILER_GENERATE_SWIFT_ASSET_SYMBOL_EXTENSIONS = YES;
				CLANG_ANALYZER_NONNULL = YES;
				CLANG_ANALYZER_NUMBER_OBJECT_CONVERSION = YES_AGGRESSIVE;
				CLANG_CXX_LANGUAGE_STANDARD = "gnu++20";
				CLANG_ENABLE_MODULES = YES;
				CLANG_ENABLE_OBJC_ARC = YES;
				CLANG_ENABLE_OBJC_WEAK = YES;
				CLANG_WARN_BLOCK_CAPTURE_AUTORELEASING = YES;
				CLANG_WARN_BOOL_CONVERSION = YES;
				CLANG_WARN_COMMA = YES;
				CLANG_WARN_CONSTANT_CONVERSION = YES;
				CLANG_WARN_DEPRECATED_OBJC_IMPLEMENTATIONS = YES;
				CLANG_WARN_DIRECT_OBJC_ISA_USAGE = YES_ERROR;
				CLANG_WARN_DOCUMENTATION_COMMENTS = YES;
				CLANG_WARN_EMPTY_BODY = YES;
				CLANG_WARN_ENUM_CONVERSION = YES;
				CLANG_WARN_INFINITE_RECURSION = YES;
				CLANG_WARN_INT_CONVERSION = YES;
				CLANG_WARN_NON_LITERAL_NULL_CONVERSION = YES;
				CLANG_WARN_OBJC_IMPLICIT_RETAIN_SELF = YES;
				CLANG_WARN_OBJC_LITERAL_CONVERSION = YES;
				CLANG_WARN_OBJC_ROOT_CLASS = YES_ERROR;
				CLANG_WARN_QUOTED_INCLUDE_IN_FRAMEWORK_HEADER = YES;
				CLANG_WARN_RANGE_LOOP_ANALYSIS = YES;
				CLANG_WARN_STRICT_PROTOTYPES = YES;
				CLANG_WARN_SUSPICIOUS_MOVE = YES;
				CLANG_WARN_UNGUARDED_AVAILABILITY = YES_AGGRESSIVE;
				CLANG_WARN_UNREACHABLE_CODE = YES;
				CLANG_WARN__DUPLICATE_METHOD_MATCH = YES;
				COPY_PHASE_STRIP = NO;
				DEBUG_INFORMATION_FORMAT = "dwarf-with-dsym";
				ENABLE_NS_ASSERTIONS = NO;
				ENABLE_STRICT_OBJC_MSGSEND = YES;
				ENABLE_USER_SCRIPT_SANDBOXING = YES;
				GCC_C_LANGUAGE_STANDARD = gnu17;
				GCC_NO_COMMON_BLOCKS = YES;
				GCC_WARN_64_TO_32_BIT_CONVERSION = YES;
				GCC_WARN_ABOUT_RETURN_TYPE = YES_ERROR;
				GCC_WARN_UNDECLARED_SELECTOR = YES;
				GCC_WARN_UNINITIALIZED_AUTOS = YES_AGGRESSIVE;
				GCC_WARN_UNUSED_FUNCTION = YES;
				GCC_WARN_UNUSED_VARIABLE = YES;
				IPHONEOS_DEPLOYMENT_TARGET = 17.4;
				LOCALIZATION_PREFERS_STRING_CATALOGS = YES;
				MTL_ENABLE_DEBUG_INFO = NO;
				MTL_FAST_MATH = YES;
				SDKROOT = iphoneos;
				SWIFT_COMPILATION_MODE = wholemodule;
				VALIDATE_PRODUCT = YES;
			};
			name = Release;
		};
		B8ECD7312C0EF60400FED45E /* Debug */ = {
			isa = XCBuildConfiguration;
			buildSettings = {
				ASSETCATALOG_COMPILER_APPICON_NAME = AppIcon;
				ASSETCATALOG_COMPILER_GLOBAL_ACCENT_COLOR_NAME = AccentColor;
				CODE_SIGN_STYLE = Automatic;
				CURRENT_PROJECT_VERSION = 1;
				DEVELOPMENT_TEAM = 9N9NGPM747;
				GENERATE_INFOPLIST_FILE = YES;
				INFOPLIST_FILE = MediaApp/Info.plist;
				INFOPLIST_KEY_UIApplicationSupportsIndirectInputEvents = YES;
				INFOPLIST_KEY_UILaunchStoryboardName = LaunchScreen;
				INFOPLIST_KEY_UISupportedInterfaceOrientations = UIInterfaceOrientationPortrait;
				INFOPLIST_KEY_UISupportedInterfaceOrientations_iPad = UIInterfaceOrientationPortrait;
				LD_RUNPATH_SEARCH_PATHS = (
					"$(inherited)",
					"@executable_path/Frameworks",
				);
				MARKETING_VERSION = 1.0;
				PRODUCT_BUNDLE_IDENTIFIER = com.yeji.MediaApp;
				PRODUCT_NAME = "$(TARGET_NAME)";
				SUPPORTED_PLATFORMS = "iphoneos iphonesimulator";
				SUPPORTS_MACCATALYST = NO;
				SUPPORTS_MAC_DESIGNED_FOR_IPHONE_IPAD = NO;
				SUPPORTS_XR_DESIGNED_FOR_IPHONE_IPAD = NO;
				SWIFT_EMIT_LOC_STRINGS = YES;
				SWIFT_VERSION = 5.0;
				TARGETED_DEVICE_FAMILY = 1;
			};
			name = Debug;
		};
		B8ECD7322C0EF60400FED45E /* Release */ = {
			isa = XCBuildConfiguration;
			buildSettings = {
				ASSETCATALOG_COMPILER_APPICON_NAME = AppIcon;
				ASSETCATALOG_COMPILER_GLOBAL_ACCENT_COLOR_NAME = AccentColor;
				CODE_SIGN_STYLE = Automatic;
				CURRENT_PROJECT_VERSION = 1;
				DEVELOPMENT_TEAM = 9N9NGPM747;
				GENERATE_INFOPLIST_FILE = YES;
				INFOPLIST_FILE = MediaApp/Info.plist;
				INFOPLIST_KEY_UIApplicationSupportsIndirectInputEvents = YES;
				INFOPLIST_KEY_UILaunchStoryboardName = LaunchScreen;
				INFOPLIST_KEY_UISupportedInterfaceOrientations = UIInterfaceOrientationPortrait;
				INFOPLIST_KEY_UISupportedInterfaceOrientations_iPad = UIInterfaceOrientationPortrait;
				LD_RUNPATH_SEARCH_PATHS = (
					"$(inherited)",
					"@executable_path/Frameworks",
				);
				MARKETING_VERSION = 1.0;
				PRODUCT_BUNDLE_IDENTIFIER = com.yeji.MediaApp;
				PRODUCT_NAME = "$(TARGET_NAME)";
				SUPPORTED_PLATFORMS = "iphoneos iphonesimulator";
				SUPPORTS_MACCATALYST = NO;
				SUPPORTS_MAC_DESIGNED_FOR_IPHONE_IPAD = NO;
				SUPPORTS_XR_DESIGNED_FOR_IPHONE_IPAD = NO;
				SWIFT_EMIT_LOC_STRINGS = YES;
				SWIFT_VERSION = 5.0;
				TARGETED_DEVICE_FAMILY = 1;
			};
			name = Release;
		};
/* End XCBuildConfiguration section */

/* Begin XCConfigurationList section */
		B8ECD7172C0EF60200FED45E /* Build configuration list for PBXProject "MediaApp" */ = {
			isa = XCConfigurationList;
			buildConfigurations = (
				B8ECD72E2C0EF60400FED45E /* Debug */,
				B8ECD72F2C0EF60400FED45E /* Release */,
			);
			defaultConfigurationIsVisible = 0;
			defaultConfigurationName = Release;
		};
		B8ECD7302C0EF60400FED45E /* Build configuration list for PBXNativeTarget "MediaApp" */ = {
			isa = XCConfigurationList;
			buildConfigurations = (
				B8ECD7312C0EF60400FED45E /* Debug */,
				B8ECD7322C0EF60400FED45E /* Release */,
			);
			defaultConfigurationIsVisible = 0;
			defaultConfigurationName = Release;
		};
/* End XCConfigurationList section */

/* Begin XCRemoteSwiftPackageReference section */
		B83069DE2C183DDD00816BBE /* XCRemoteSwiftPackageReference "Cosmos" */ = {
			isa = XCRemoteSwiftPackageReference;
			repositoryURL = "https://github.com/evgenyneu/Cosmos.git";
			requirement = {
				kind = upToNextMajorVersion;
				minimumVersion = 25.0.1;
			};
		};
		B8F852CF2C16CCC8000B2A51 /* XCRemoteSwiftPackageReference "Alamofire" */ = {
			isa = XCRemoteSwiftPackageReference;
			repositoryURL = "https://github.com/Alamofire/Alamofire.git";
			requirement = {
				kind = upToNextMajorVersion;
				minimumVersion = 5.9.1;
			};
		};
		B8F852D22C16CCCF000B2A51 /* XCRemoteSwiftPackageReference "SnapKit" */ = {
			isa = XCRemoteSwiftPackageReference;
			repositoryURL = "https://github.com/SnapKit/SnapKit.git";
			requirement = {
				kind = upToNextMajorVersion;
				minimumVersion = 5.7.1;
			};
		};
		B8F852E12C17147B000B2A51 /* XCRemoteSwiftPackageReference "Kingfisher" */ = {
			isa = XCRemoteSwiftPackageReference;
			repositoryURL = "https://github.com/onevcat/Kingfisher";
			requirement = {
				kind = upToNextMajorVersion;
				minimumVersion = 7.11.0;
			};
		};
/* End XCRemoteSwiftPackageReference section */

/* Begin XCSwiftPackageProductDependency section */
		B83069DF2C183DDD00816BBE /* Cosmos */ = {
			isa = XCSwiftPackageProductDependency;
			package = B83069DE2C183DDD00816BBE /* XCRemoteSwiftPackageReference "Cosmos" */;
			productName = Cosmos;
		};
		B8F852D02C16CCC8000B2A51 /* Alamofire */ = {
			isa = XCSwiftPackageProductDependency;
			package = B8F852CF2C16CCC8000B2A51 /* XCRemoteSwiftPackageReference "Alamofire" */;
			productName = Alamofire;
		};
		B8F852D32C16CCCF000B2A51 /* SnapKit */ = {
			isa = XCSwiftPackageProductDependency;
			package = B8F852D22C16CCCF000B2A51 /* XCRemoteSwiftPackageReference "SnapKit" */;
			productName = SnapKit;
		};
		B8F852E22C17147B000B2A51 /* Kingfisher */ = {
			isa = XCSwiftPackageProductDependency;
			package = B8F852E12C17147B000B2A51 /* XCRemoteSwiftPackageReference "Kingfisher" */;
			productName = Kingfisher;
		};
/* End XCSwiftPackageProductDependency section */
	};
	rootObject = B8ECD7142C0EF60200FED45E /* Project object */;
}
